# This file is generated by running "yarn install" inside your project.
# Manual changes might be lost - proceed with caution!

__metadata:
  version: 6
  cacheKey: 8

"@webgpu/types@npm:^0.1.34":
  version: 0.1.34
  resolution: "@webgpu/types@npm:0.1.34"
  checksum: 4f32829292655a904a96fceaf61cd8b4a5ee6ae010a48d3421de1f5401e9772f12e0a77c8446e8393b13696eb0818747aec0fea5cd7a1acc033e4fb885e90af5
  languageName: node
  linkType: hard

"canvaskit-wasm@npm:^0.38.2":
  version: 0.38.2
  resolution: "canvaskit-wasm@npm:0.38.2"
  checksum: a0b526759d0a1df9a76b69efe6fc9451b3dab81ecff0978c7153ead973e886e0ea33af53e67ab42d8b376e04091dbb3e898ab820cc7bf61fb6cdc36be900b812
  languageName: node
  linkType: hard

"xterm-addon-skia@workspace:.":
  version: 0.0.0-use.local
  resolution: "xterm-addon-skia@workspace:."
  dependencies:
    "@webgpu/types": ^0.1.34
    canvaskit-wasm: ^0.38.2
  peerDependencies:
    xterm: ^5.0.0
  languageName: unknown
  linkType: soft
