# This file is generated by running "yarn install" inside your project.
# Manual changes might be lost - proceed with caution!

__metadata:
  version: 6
  cacheKey: 8

"@sinonjs/commons@npm:^1, @sinonjs/commons@npm:^1.0.2, @sinonjs/commons@npm:^1.3.0, @sinonjs/commons@npm:^1.7.0":
  version: 1.8.0
  resolution: "@sinonjs/commons@npm:1.8.0"
  dependencies:
    type-detect: 4.0.8
  checksum: 97639bd46b0b8c9a1160e91b856c743fa231f7b0dd7d308f39a46eec86739b47158a509638a905c14e633489d65175cee42eed4f598ff50e6692c57e39d6edf1
  languageName: node
  linkType: hard

"@sinonjs/formatio@npm:^3.0.0, @sinonjs/formatio@npm:^3.2.1":
  version: 3.2.2
  resolution: "@sinonjs/formatio@npm:3.2.2"
  dependencies:
    "@sinonjs/commons": ^1
    "@sinonjs/samsam": ^3.1.0
  checksum: ddc30698df9b0aa59204da93ca94fd04bc5672ac03c798c0a487c35d514d7d8e0ce0e4c72386fc80e29f59cb1cc54eeea3b7f804281b3c4e3dd2394de56c6e4a
  languageName: node
  linkType: hard

"@sinonjs/samsam@npm:^2.1.2":
  version: 2.1.3
  resolution: "@sinonjs/samsam@npm:2.1.3"
  checksum: 4abc77d3c5f69dd0dd0c1139a8f8ee0026771dda9ae083e72f25717f43bff038bfded5f19a24c6ecef39f4809bc8acd8edcf5179a242bc8aa5d90f542d99d362
  languageName: node
  linkType: hard

"@sinonjs/samsam@npm:^3.1.0":
  version: 3.3.3
  resolution: "@sinonjs/samsam@npm:3.3.3"
  dependencies:
    "@sinonjs/commons": ^1.3.0
    array-from: ^2.1.1
    lodash: ^4.17.15
  checksum: 340f2f62dec3fa1e5e9300a75996bd12ab9d2da4f6b453fa5d1ee101cc5e58eb218af2e2584b496d41ba31c3c0854d47a691fd9a0d8b9092f3cb6a5c7a080856
  languageName: node
  linkType: hard

"@sinonjs/text-encoding@npm:^0.7.1":
  version: 0.7.1
  resolution: "@sinonjs/text-encoding@npm:0.7.1"
  checksum: 130de0bb568c5f8a611ec21d1a4e3f80ab0c5ec333010f49cfc1adc5cba6d8808699c8a587a46b0f0b016a1f4c1389bc96141e773e8460fcbb441875b2e91ba7
  languageName: node
  linkType: hard

"@types/sinon@npm:^5.0.1":
  version: 5.0.1
  resolution: "@types/sinon@npm:5.0.1"
  checksum: a1da61a814eaed164a442ec39690e81505fb9f6e0788eb4293900a825b6c694b5e11f624623d1ebcca7c78043333c4043e67c4b2a2662738cff9b00e3017a0a9
  languageName: node
  linkType: hard

"array-from@npm:^2.1.1":
  version: 2.1.1
  resolution: "array-from@npm:2.1.1"
  checksum: 4cd5fa27aa6133b99a57c2881d2a8a66ec59b8e17a0c900f7e8ac9a0a2fae450ed682b67435467bfa71ac9328d025a760c5c46a95586a352180c5a79fc13015d
  languageName: node
  linkType: hard

"axios@npm:^0.21.2":
  version: 0.21.2
  resolution: "axios@npm:0.21.2"
  dependencies:
    follow-redirects: ^1.14.0
  checksum: 41299c21f77323e7c56ea49d2d5ed25407d24bb145a4ce3441a8db17359ae56554f9495dca6e15d343a9530e106212a684c75a4db3bedfbe19f6414a8d94378e
  languageName: node
  linkType: hard

"buffer-crc32@npm:~0.2.3":
  version: 0.2.13
  resolution: "buffer-crc32@npm:0.2.13"
  checksum: 06252347ae6daca3453b94e4b2f1d3754a3b146a111d81c68924c22d91889a40623264e95e67955b1cb4a68cbedf317abeabb5140a9766ed248973096db5ce1c
  languageName: node
  linkType: hard

"diff@npm:^3.5.0":
  version: 3.5.0
  resolution: "diff@npm:3.5.0"
  checksum: 00842950a6551e26ce495bdbce11047e31667deea546527902661f25cc2e73358967ebc78cf86b1a9736ec3e14286433225f9970678155753a6291c3bca5227b
  languageName: node
  linkType: hard

"fd-slicer@npm:~1.1.0":
  version: 1.1.0
  resolution: "fd-slicer@npm:1.1.0"
  dependencies:
    pend: ~1.2.0
  checksum: c8585fd5713f4476eb8261150900d2cb7f6ff2d87f8feb306ccc8a1122efd152f1783bdb2b8dc891395744583436bfd8081d8e63ece0ec8687eeefea394d4ff2
  languageName: node
  linkType: hard

"follow-redirects@npm:^1.14.0":
  version: 1.14.8
  resolution: "follow-redirects@npm:1.14.8"
  peerDependenciesMeta:
    debug:
      optional: true
  checksum: 40c67899c2e3149a27e8b6498a338ff27f39fe138fde8d7f0756cb44b073ba0bfec3d52af28f20c5bdd67263d564d0d8d7b5efefd431de95c18c42f7b4aef457
  languageName: node
  linkType: hard

"font-finder@npm:^1.0.3":
  version: 1.0.4
  resolution: "font-finder@npm:1.0.4"
  dependencies:
    get-system-fonts: ^2.0.0
    promise-stream-reader: ^1.0.1
  checksum: 92614df7f956c4b9d1b50ea64278fc13b21c6a60416c3d5519cdc526174cac1a29ca1558d6d22243a564d0bc7fcfad9fb842f811b0a1342097b47695c21d4d77
  languageName: node
  linkType: hard

"font-finder@npm:^1.1.0":
  version: 1.1.0
  resolution: "font-finder@npm:1.1.0"
  dependencies:
    get-system-fonts: ^2.0.0
    promise-stream-reader: ^1.0.1
  checksum: 7add3d198f60a0d49119a4e81bef33b3aa972f3000d80204083b7d19a32146da3b4977b05360bf633ed99d1d06d1c7fd4c09597a174c0e38402c1f691d83a249
  languageName: node
  linkType: hard

"font-ligatures@npm:^1.4.1":
  version: 1.4.1
  resolution: "font-ligatures@npm:1.4.1"
  dependencies:
    font-finder: ^1.0.3
    lru-cache: ^6.0.0
    opentype.js: ^0.8.0
  checksum: df57ee470462db6dd142df3cb3b25ead1486d80c773ddde433ff71b52e679f87bbd2c8ce7ab2f274c46afa51ed47b024cd89025e67e752cb8e3166c51f91c6de
  languageName: node
  linkType: hard

"get-system-fonts@npm:^2.0.0":
  version: 2.0.0
  resolution: "get-system-fonts@npm:2.0.0"
  checksum: a6fbac7bcc9023f43fb17ae5f19899ad3e903575f53a81aa8f0f441befc5e6b76f7d26987402afd1745f25bef555662c6c902aec5ece8cdf04f67c72e443c660
  languageName: node
  linkType: hard

"has-flag@npm:^3.0.0":
  version: 3.0.0
  resolution: "has-flag@npm:3.0.0"
  checksum: 4a15638b454bf086c8148979aae044dd6e39d63904cd452d970374fa6a87623423da485dfb814e7be882e05c096a7ccf1ebd48e7e7501d0208d8384ff4dea73b
  languageName: node
  linkType: hard

"isarray@npm:0.0.1":
  version: 0.0.1
  resolution: "isarray@npm:0.0.1"
  checksum: 49191f1425681df4a18c2f0f93db3adb85573bcdd6a4482539d98eac9e705d8961317b01175627e860516a2fc45f8f9302db26e5a380a97a520e272e2a40a8d4
  languageName: node
  linkType: hard

"just-extend@npm:^4.0.2":
  version: 4.1.0
  resolution: "just-extend@npm:4.1.0"
  checksum: 47d93278674b55b1e1765dde868d034231b5f457d3d8e75e67006412d0dad56fc942a6814643fdc589bcaa455e21c47b9c84fd92f4aa777f827c30ea279a2ed9
  languageName: node
  linkType: hard

"lodash.get@npm:^4.4.2":
  version: 4.4.2
  resolution: "lodash.get@npm:4.4.2"
  checksum: e403047ddb03181c9d0e92df9556570e2b67e0f0a930fcbbbd779370972368f5568e914f913e93f3b08f6d492abc71e14d4e9b7a18916c31fa04bd2306efe545
  languageName: node
  linkType: hard

"lodash@npm:^4.17.15":
  version: 4.17.21
  resolution: "lodash@npm:4.17.21"
  checksum: eb835a2e51d381e561e508ce932ea50a8e5a68f4ebdd771ea240d3048244a8d13658acbd502cd4829768c56f2e16bdd4340b9ea141297d472517b83868e677f7
  languageName: node
  linkType: hard

"lolex@npm:^2.7.5":
  version: 2.7.5
  resolution: "lolex@npm:2.7.5"
  checksum: 25a0bc7487e76748bff5c0baf6ac7040dded620f76daef9f7d829e3aa0cf6126195c993b05b147b3e32720097def6bf3985d3f8ecbfb654300a878dceb963c7f
  languageName: node
  linkType: hard

"lolex@npm:^5.0.1":
  version: 5.1.2
  resolution: "lolex@npm:5.1.2"
  dependencies:
    "@sinonjs/commons": ^1.7.0
  checksum: 7eb468d4ef4746c024d23cb2b75f679f79449a9d5cbe11abadf2f3b147c1d7ffe28816438bedfb8a75c58357a625c2f9ba197b050c226d2b3f0c4a956cf556fb
  languageName: node
  linkType: hard

"lru-cache@npm:^6.0.0":
  version: 6.0.0
  resolution: "lru-cache@npm:6.0.0"
  dependencies:
    yallist: ^4.0.0
  checksum: f97f499f898f23e4585742138a22f22526254fdba6d75d41a1c2526b3b6cc5747ef59c5612ba7375f42aca4f8461950e925ba08c991ead0651b4918b7c978297
  languageName: node
  linkType: hard

"minimist@npm:^1.2.5":
  version: 1.2.6
  resolution: "minimist@npm:1.2.6"
  checksum: d15428cd1e11eb14e1233bcfb88ae07ed7a147de251441d61158619dfb32c4d7e9061d09cab4825fdee18ecd6fce323228c8c47b5ba7cd20af378ca4048fb3fb
  languageName: node
  linkType: hard

"mkdirp@npm:0.5.5":
  version: 0.5.5
  resolution: "mkdirp@npm:0.5.5"
  dependencies:
    minimist: ^1.2.5
  bin:
    mkdirp: bin/cmd.js
  checksum: 3bce20ea525f9477befe458ab85284b0b66c8dc3812f94155af07c827175948cdd8114852ac6c6d82009b13c1048c37f6d98743eb019651ee25c39acc8aabe7d
  languageName: node
  linkType: hard

"nise@npm:^1.4.5":
  version: 1.5.3
  resolution: "nise@npm:1.5.3"
  dependencies:
    "@sinonjs/formatio": ^3.2.1
    "@sinonjs/text-encoding": ^0.7.1
    just-extend: ^4.0.2
    lolex: ^5.0.1
    path-to-regexp: ^1.7.0
  checksum: ec3af21345dcaf34650a6f5420a11e0fd21a836ac5960f5e8523c301ee98465abf88b958f7b3084ecc6e0a7133e5cf7963f4df176b90b423c4da4984f1ebd75e
  languageName: node
  linkType: hard

"opentype.js@npm:^0.8.0":
  version: 0.8.0
  resolution: "opentype.js@npm:0.8.0"
  dependencies:
    tiny-inflate: ^1.0.2
  bin:
    ot: ./bin/ot
  checksum: 2cf7d05d1c74726e09544f357f3535501575b2ae79fbcdecb4055d2f176c400082f7f382bbf43c046f638aa89bba3defe64f87f3bfdd6639a3d7e2aaf3845319
  languageName: node
  linkType: hard

"path-to-regexp@npm:^1.7.0":
  version: 1.7.0
  resolution: "path-to-regexp@npm:1.7.0"
  dependencies:
    isarray: 0.0.1
  checksum: bf5054aa006508b4f9fa9603f091ce90cb448f5a2714ce8b5dfefce761f107ca3a029401c28bf5824e4f38b71a605b3c24bd92e8a284c6436ab3060a497dd7ad
  languageName: node
  linkType: hard

"pend@npm:~1.2.0":
  version: 1.2.0
  resolution: "pend@npm:1.2.0"
  checksum: 6c72f5243303d9c60bd98e6446ba7d30ae29e3d56fdb6fae8767e8ba6386f33ee284c97efe3230a0d0217e2b1723b8ab490b1bbf34fcbb2180dbc8a9de47850d
  languageName: node
  linkType: hard

"promise-stream-reader@npm:^1.0.1":
  version: 1.0.1
  resolution: "promise-stream-reader@npm:1.0.1"
  checksum: df0f67763714cf2d6c194bf97009124058df09d11c499105325b2ce6330790d780d3c2cd0dd20c13c3599d398f1e65f088239838292abffbfe606aa281375e33
  languageName: node
  linkType: hard

"sinon@npm:6.3.5":
  version: 6.3.5
  resolution: "sinon@npm:6.3.5"
  dependencies:
    "@sinonjs/commons": ^1.0.2
    "@sinonjs/formatio": ^3.0.0
    "@sinonjs/samsam": ^2.1.2
    diff: ^3.5.0
    lodash.get: ^4.4.2
    lolex: ^2.7.5
    nise: ^1.4.5
    supports-color: ^5.5.0
    type-detect: ^4.0.8
  checksum: e477bce307937d355ec5d063ed259ee8e302b0b7adc5056e4993c5354181b9c7d89194037b63a9db7bf6a1372cb6f5a58cafff7ce9154a8c8f2c0ecbb1ac5765
  languageName: node
  linkType: hard

"supports-color@npm:^5.5.0":
  version: 5.5.0
  resolution: "supports-color@npm:5.5.0"
  dependencies:
    has-flag: ^3.0.0
  checksum: 95f6f4ba5afdf92f495b5a912d4abee8dcba766ae719b975c56c084f5004845f6f5a5f7769f52d53f40e21952a6d87411bafe34af4a01e65f9926002e38e1dac
  languageName: node
  linkType: hard

"tiny-inflate@npm:^1.0.2":
  version: 1.0.2
  resolution: "tiny-inflate@npm:1.0.2"
  checksum: eb572820463c525717754f5f8ee1bc5559a8b293ee9d77253fc1663273b2366c8e46e46197a8b556e8c66eaca734ec3e1eefe880c38e3ebd00d167185be49f71
  languageName: node
  linkType: hard

"type-detect@npm:4.0.8, type-detect@npm:^4.0.8":
  version: 4.0.8
  resolution: "type-detect@npm:4.0.8"
  checksum: 62b5628bff67c0eb0b66afa371bd73e230399a8d2ad30d852716efcc4656a7516904570cd8631a49a3ce57c10225adf5d0cbdcb47f6b0255fe6557c453925a15
  languageName: node
  linkType: hard

"xterm-addon-ligatures@workspace:.":
  version: 0.0.0-use.local
  resolution: "xterm-addon-ligatures@workspace:."
  dependencies:
    "@types/sinon": ^5.0.1
    axios: ^0.21.2
    font-finder: ^1.1.0
    font-ligatures: ^1.4.1
    mkdirp: 0.5.5
    sinon: 6.3.5
    yauzl: ^2.10.0
  peerDependencies:
    xterm: ^5.0.0
  languageName: unknown
  linkType: soft

"yallist@npm:^4.0.0":
  version: 4.0.0
  resolution: "yallist@npm:4.0.0"
  checksum: 343617202af32df2a15a3be36a5a8c0c8545208f3d3dfbc6bb7c3e3b7e8c6f8e7485432e4f3b88da3031a6e20afa7c711eded32ddfb122896ac5d914e75848d5
  languageName: node
  linkType: hard

"yauzl@npm:^2.10.0":
  version: 2.10.0
  resolution: "yauzl@npm:2.10.0"
  dependencies:
    buffer-crc32: ~0.2.3
    fd-slicer: ~1.1.0
  checksum: 7f21fe0bbad6e2cb130044a5d1d0d5a0e5bf3d8d4f8c4e6ee12163ce798fee3de7388d22a7a0907f563ac5f9d40f8699a223d3d5c1718da90b0156da6904022b
  languageName: node
  linkType: hard
